
Microsoft Visual Studio Solution File, Format Version 12.00
# Visual Studio Version 16
VisualStudioVersion = 16.0.29001.49
MinimumVisualStudioVersion = 10.0.40219.1
Project("{FAE04EC0-301F-11D3-BF4B-00C04F79EFBC}") = "Crypto Clipper Detector", "Crypto Clipper Detector\Crypto Clipper Detector.csproj", "{C3B51EC5-D71D-4581-BCF2-86E789E9DEFB}"
EndProject
Global
	GlobalSection(SolutionConfigurationPlatforms) = preSolution
		Debug|Any CPU = Debug|Any CPU
		Release|Any CPU = Release|Any CPU
	EndGlobalSection
	GlobalSection(ProjectConfigurationPlatforms) = postSolution
		{C3B51EC5-D71D-4581-BCF2-86E789E9DEFB}.Debug|Any CPU.ActiveCfg = Debug|Any CPU
		{C3B51EC5-D71D-4581-BCF2-86E789E9DEFB}.Debug|Any CPU.Build.0 = Debug|Any CPU
		{C3B51EC5-D71D-4581-BCF2-86E789E9DEFB}.Release|Any CPU.ActiveCfg = Release|Any CPU
		{C3B51EC5-D71D-4581-BCF2-86E789E9DEFB}.Release|Any CPU.Build.0 = Release|Any CPU
	EndGlobalSection
	GlobalSection(SolutionProperties) = preSolution
		HideSolutionNode = FALSE
	EndGlobalSection
	GlobalSection(ExtensibilityGlobals) = postSolution
		SolutionGuid = {CDAB06FA-CF12-476C-92AC-78B8E1467728}
	EndGlobalSection
EndGlobal
